
Microsoft Visual Studio Solution File, Format Version 12.00
# Visual Studio Version 16
VisualStudioVersion = 16.0.30621.155
MinimumVisualStudioVersion = 10.0.40219.1
Project("{FAE04EC0-301F-11D3-BF4B-00C04F79EFBC}") = "MathWeb", "MathWeb\MathWeb.csproj", "{FF061527-25FF-4665-ACC4-918DE0F3888D}"
EndProject
Global
	GlobalSection(SolutionConfigurationPlatforms) = preSolution
		Debug|Any CPU = Debug|Any CPU
		Release|Any CPU = Release|Any CPU
	EndGlobalSection
	GlobalSection(ProjectConfigurationPlatforms) = postSolution
		{FF061527-25FF-4665-ACC4-918DE0F3888D}.Debug|Any CPU.ActiveCfg = Debug|Any CPU
		{FF061527-25FF-4665-ACC4-918DE0F3888D}.Debug|Any CPU.Build.0 = Debug|Any CPU
		{FF061527-25FF-4665-ACC4-918DE0F3888D}.Release|Any CPU.ActiveCfg = Release|Any CPU
		{FF061527-25FF-4665-ACC4-918DE0F3888D}.Release|Any CPU.Build.0 = Release|Any CPU
	EndGlobalSection
	GlobalSection(SolutionProperties) = preSolution
		HideSolutionNode = FALSE
	EndGlobalSection
	GlobalSection(ExtensibilityGlobals) = postSolution
		SolutionGuid = {CF5FE078-E9F4-474A-A0B1-9F9A83BEF23F}
	EndGlobalSection
EndGlobal
